
Microsoft Visual Studio Solution File, Format Version 12.00
# Visual Studio Version 17
VisualStudioVersion = 17.3.32929.385
MinimumVisualStudioVersion = 10.0.40219.1
Project("{FAE04EC0-301F-11D3-BF4B-00C04F79EFBC}") = "EndlessRunner", "EndlessRunner\EndlessRunner.csproj", "{55308F91-1446-4FD5-926C-27376C513256}"
EndProject
Global
	GlobalSection(SolutionConfigurationPlatforms) = preSolution
		Debug|Any CPU = Debug|Any CPU
		Release|Any CPU = Release|Any CPU
	EndGlobalSection
	GlobalSection(ProjectConfigurationPlatforms) = postSolution
		{55308F91-1446-4FD5-926C-27376C513256}.Debug|Any CPU.ActiveCfg = Debug|Any CPU
		{55308F91-1446-4FD5-926C-27376C513256}.Debug|Any CPU.Build.0 = Debug|Any CPU
		{55308F91-1446-4FD5-926C-27376C513256}.Release|Any CPU.ActiveCfg = Release|Any CPU
		{55308F91-1446-4FD5-926C-27376C513256}.Release|Any CPU.Build.0 = Release|Any CPU
	EndGlobalSection
	GlobalSection(SolutionProperties) = preSolution
		HideSolutionNode = FALSE
	EndGlobalSection
	GlobalSection(ExtensibilityGlobals) = postSolution
		SolutionGuid = {951FEF51-9CC1-4E50-826E-7112FAD8AE3E}
	EndGlobalSection
EndGlobal
